
Microsoft Visual Studio Solution File, Format Version 12.00
# Visual Studio Version 2012
Project("{FAE04EC0-301F-11D3-BF4B-00C04F79EFBC}") = "RuntimeDestroyer", "e7c634b1-9547-4f8e-807b-c9faa359b669/RuntimeDestroyer.csproj", "{06f9943e-583e-4464-857d-73c44c723a75}"
EndProject
Project("{FAE04EC0-301F-11D3-BF4B-00C04F79EFBC}") = "RuntimeDestroyerLib", "70e88f84-20c0-496b-bde5-9831530a09d3/RuntimeDestroyerLib.csproj", "{5d6f4cb7-5379-461d-80a6-880216556703}"
EndProject
Project("{FAE04EC0-301F-11D3-BF4B-00C04F79EFBC}") = "RuntimeDestroyerReferencesProxy", "e7c634b1-9547-4f8e-807b-c9faa359b669/referencesProxy/RuntimeDestroyerReferencesProxy.csproj", "{4dff09a6-138e-430b-b851-2f03802baad3}"
EndProject
Project("{FAE04EC0-301F-11D3-BF4B-00C04F79EFBC}") = "RuntimeDestroyerRecords", "e7c634b1-9547-4f8e-807b-c9faa359b669/Records/RuntimeDestroyerRecords.csproj", "{9548b0aa-4fe9-436e-8cf6-0ca1fcade1ce}"
EndProject
Project("{FAE04EC0-301F-11D3-BF4B-00C04F79EFBC}") = "RuntimeDestroyerLibRecords", "70e88f84-20c0-496b-bde5-9831530a09d3/Records/RuntimeDestroyerLibRecords.csproj", "{83688bca-87ae-42a6-82b4-b1f91e1e9001}"
EndProject
Project("{FAE04EC0-301F-11D3-BF4B-00C04F79EFBC}") = "RuntimeDestroyer.CsRESTExpose", "e7c634b1-9547-4f8e-807b-c9faa359b669/CustomServices/RESTExpose/RuntimeDestroyer.CsRESTExpose.csproj", "{94ccf09a-b8c5-433a-ac02-b0556daa52b9}"
EndProject
Global
	GlobalSection(SolutionConfigurationPlatforms) = preSolution
		Debug|Any CPU = Debug|Any CPU
		Release|Any CPU = Release|Any CPU
	EndGlobalSection
	GlobalSection(ProjectConfigurationPlatforms) = postSolution
		{06f9943e-583e-4464-857d-73c44c723a75}.Debug|Any CPU.ActiveCfg = Debug|Any CPU
		{06f9943e-583e-4464-857d-73c44c723a75}.Debug|Any CPU.Build.0 = Debug|Any CPU
		{06f9943e-583e-4464-857d-73c44c723a75}.Release|Any CPU.ActiveCfg = Release|Any CPU
		{06f9943e-583e-4464-857d-73c44c723a75}.Release|Any CPU.Build.0 = Release|Any CPU
		{5d6f4cb7-5379-461d-80a6-880216556703}.Debug|Any CPU.ActiveCfg = Debug|Any CPU
		{5d6f4cb7-5379-461d-80a6-880216556703}.Debug|Any CPU.Build.0 = Debug|Any CPU
		{5d6f4cb7-5379-461d-80a6-880216556703}.Release|Any CPU.ActiveCfg = Release|Any CPU
		{5d6f4cb7-5379-461d-80a6-880216556703}.Release|Any CPU.Build.0 = Release|Any CPU
		{4dff09a6-138e-430b-b851-2f03802baad3}.Debug|Any CPU.ActiveCfg = Debug|Any CPU
		{4dff09a6-138e-430b-b851-2f03802baad3}.Debug|Any CPU.Build.0 = Debug|Any CPU
		{4dff09a6-138e-430b-b851-2f03802baad3}.Release|Any CPU.ActiveCfg = Release|Any CPU
		{4dff09a6-138e-430b-b851-2f03802baad3}.Release|Any CPU.Build.0 = Release|Any CPU
		{9548b0aa-4fe9-436e-8cf6-0ca1fcade1ce}.Debug|Any CPU.ActiveCfg = Debug|Any CPU
		{9548b0aa-4fe9-436e-8cf6-0ca1fcade1ce}.Debug|Any CPU.Build.0 = Debug|Any CPU
		{9548b0aa-4fe9-436e-8cf6-0ca1fcade1ce}.Release|Any CPU.ActiveCfg = Release|Any CPU
		{9548b0aa-4fe9-436e-8cf6-0ca1fcade1ce}.Release|Any CPU.Build.0 = Release|Any CPU
		{83688bca-87ae-42a6-82b4-b1f91e1e9001}.Debug|Any CPU.ActiveCfg = Debug|Any CPU
		{83688bca-87ae-42a6-82b4-b1f91e1e9001}.Debug|Any CPU.Build.0 = Debug|Any CPU
		{83688bca-87ae-42a6-82b4-b1f91e1e9001}.Release|Any CPU.ActiveCfg = Release|Any CPU
		{83688bca-87ae-42a6-82b4-b1f91e1e9001}.Release|Any CPU.Build.0 = Release|Any CPU
		{94ccf09a-b8c5-433a-ac02-b0556daa52b9}.Debug|Any CPU.ActiveCfg = Debug|Any CPU
		{94ccf09a-b8c5-433a-ac02-b0556daa52b9}.Debug|Any CPU.Build.0 = Debug|Any CPU
		{94ccf09a-b8c5-433a-ac02-b0556daa52b9}.Release|Any CPU.ActiveCfg = Release|Any CPU
		{94ccf09a-b8c5-433a-ac02-b0556daa52b9}.Release|Any CPU.Build.0 = Release|Any CPU
	EndGlobalSection
	GlobalSection(SolutionProperties) = preSolution
		HideSolutionNode = FALSE
	EndGlobalSection
EndGlobal
