
Microsoft Visual Studio Solution File, Format Version 12.00
# Visual Studio Version 2012
Project("{FAE04EC0-301F-11D3-BF4B-00C04F79EFBC}") = "RuntimeDestroyer", "e7c634b1-9547-4f8e-807b-c9faa359b669/RuntimeDestroyer.csproj", "{e3b89e59-551a-4436-9880-cdfd0706d157}"
EndProject
Project("{FAE04EC0-301F-11D3-BF4B-00C04F79EFBC}") = "System_", "478870b9-2d60-4f73-9eb3-7cd8b994a737/System_.csproj", "{dd9ca638-4c6c-4434-b2f9-ad442f4e8e56}"
EndProject
Project("{FAE04EC0-301F-11D3-BF4B-00C04F79EFBC}") = "RuntimeDestroyerLib", "70e88f84-20c0-496b-bde5-9831530a09d3/RuntimeDestroyerLib.csproj", "{c48d28aa-a2ed-4be8-8f38-49f4cb236e4a}"
EndProject
Project("{FAE04EC0-301F-11D3-BF4B-00C04F79EFBC}") = "RuntimeDestroyerRecords", "e7c634b1-9547-4f8e-807b-c9faa359b669/Records/RuntimeDestroyerRecords.csproj", "{59a1b7e7-f7c1-4014-897f-fa756997a397}"
EndProject
Project("{FAE04EC0-301F-11D3-BF4B-00C04F79EFBC}") = "RuntimeDestroyerReferencesProxy", "e7c634b1-9547-4f8e-807b-c9faa359b669/referencesProxy/RuntimeDestroyerReferencesProxy.csproj", "{81f49981-4a2f-4deb-a12a-e99b7813b8d3}"
EndProject
Project("{FAE04EC0-301F-11D3-BF4B-00C04F79EFBC}") = "System_Records", "478870b9-2d60-4f73-9eb3-7cd8b994a737/Records/System_Records.csproj", "{81b36fa9-16eb-48b7-817f-88c7775647d6}"
EndProject
Project("{FAE04EC0-301F-11D3-BF4B-00C04F79EFBC}") = "RuntimeDestroyerLibRecords", "70e88f84-20c0-496b-bde5-9831530a09d3/Records/RuntimeDestroyerLibRecords.csproj", "{5e9d2fe0-9a2a-471a-87f2-4fb2d33f246a}"
EndProject
Project("{FAE04EC0-301F-11D3-BF4B-00C04F79EFBC}") = "RuntimeDestroyer.CsRESTExpose", "e7c634b1-9547-4f8e-807b-c9faa359b669/CustomServices/RESTExpose/RuntimeDestroyer.CsRESTExpose.csproj", "{22ced947-1245-4b75-8d2b-6cbd3683256e}"
EndProject
Global
	GlobalSection(SolutionConfigurationPlatforms) = preSolution
		Debug|Any CPU = Debug|Any CPU
		Release|Any CPU = Release|Any CPU
	EndGlobalSection
	GlobalSection(ProjectConfigurationPlatforms) = postSolution
		{e3b89e59-551a-4436-9880-cdfd0706d157}.Debug|Any CPU.ActiveCfg = Debug|Any CPU
		{e3b89e59-551a-4436-9880-cdfd0706d157}.Debug|Any CPU.Build.0 = Debug|Any CPU
		{e3b89e59-551a-4436-9880-cdfd0706d157}.Release|Any CPU.ActiveCfg = Release|Any CPU
		{e3b89e59-551a-4436-9880-cdfd0706d157}.Release|Any CPU.Build.0 = Release|Any CPU
		{dd9ca638-4c6c-4434-b2f9-ad442f4e8e56}.Debug|Any CPU.ActiveCfg = Debug|Any CPU
		{dd9ca638-4c6c-4434-b2f9-ad442f4e8e56}.Debug|Any CPU.Build.0 = Debug|Any CPU
		{dd9ca638-4c6c-4434-b2f9-ad442f4e8e56}.Release|Any CPU.ActiveCfg = Release|Any CPU
		{dd9ca638-4c6c-4434-b2f9-ad442f4e8e56}.Release|Any CPU.Build.0 = Release|Any CPU
		{c48d28aa-a2ed-4be8-8f38-49f4cb236e4a}.Debug|Any CPU.ActiveCfg = Debug|Any CPU
		{c48d28aa-a2ed-4be8-8f38-49f4cb236e4a}.Debug|Any CPU.Build.0 = Debug|Any CPU
		{c48d28aa-a2ed-4be8-8f38-49f4cb236e4a}.Release|Any CPU.ActiveCfg = Release|Any CPU
		{c48d28aa-a2ed-4be8-8f38-49f4cb236e4a}.Release|Any CPU.Build.0 = Release|Any CPU
		{59a1b7e7-f7c1-4014-897f-fa756997a397}.Debug|Any CPU.ActiveCfg = Debug|Any CPU
		{59a1b7e7-f7c1-4014-897f-fa756997a397}.Debug|Any CPU.Build.0 = Debug|Any CPU
		{59a1b7e7-f7c1-4014-897f-fa756997a397}.Release|Any CPU.ActiveCfg = Release|Any CPU
		{59a1b7e7-f7c1-4014-897f-fa756997a397}.Release|Any CPU.Build.0 = Release|Any CPU
		{81f49981-4a2f-4deb-a12a-e99b7813b8d3}.Debug|Any CPU.ActiveCfg = Debug|Any CPU
		{81f49981-4a2f-4deb-a12a-e99b7813b8d3}.Debug|Any CPU.Build.0 = Debug|Any CPU
		{81f49981-4a2f-4deb-a12a-e99b7813b8d3}.Release|Any CPU.ActiveCfg = Release|Any CPU
		{81f49981-4a2f-4deb-a12a-e99b7813b8d3}.Release|Any CPU.Build.0 = Release|Any CPU
		{81b36fa9-16eb-48b7-817f-88c7775647d6}.Debug|Any CPU.ActiveCfg = Debug|Any CPU
		{81b36fa9-16eb-48b7-817f-88c7775647d6}.Debug|Any CPU.Build.0 = Debug|Any CPU
		{81b36fa9-16eb-48b7-817f-88c7775647d6}.Release|Any CPU.ActiveCfg = Release|Any CPU
		{81b36fa9-16eb-48b7-817f-88c7775647d6}.Release|Any CPU.Build.0 = Release|Any CPU
		{5e9d2fe0-9a2a-471a-87f2-4fb2d33f246a}.Debug|Any CPU.ActiveCfg = Debug|Any CPU
		{5e9d2fe0-9a2a-471a-87f2-4fb2d33f246a}.Debug|Any CPU.Build.0 = Debug|Any CPU
		{5e9d2fe0-9a2a-471a-87f2-4fb2d33f246a}.Release|Any CPU.ActiveCfg = Release|Any CPU
		{5e9d2fe0-9a2a-471a-87f2-4fb2d33f246a}.Release|Any CPU.Build.0 = Release|Any CPU
		{22ced947-1245-4b75-8d2b-6cbd3683256e}.Debug|Any CPU.ActiveCfg = Debug|Any CPU
		{22ced947-1245-4b75-8d2b-6cbd3683256e}.Debug|Any CPU.Build.0 = Debug|Any CPU
		{22ced947-1245-4b75-8d2b-6cbd3683256e}.Release|Any CPU.ActiveCfg = Release|Any CPU
		{22ced947-1245-4b75-8d2b-6cbd3683256e}.Release|Any CPU.Build.0 = Release|Any CPU
	EndGlobalSection
	GlobalSection(SolutionProperties) = preSolution
		HideSolutionNode = FALSE
	EndGlobalSection
EndGlobal
