
Microsoft Visual Studio Solution File, Format Version 12.00
# Visual Studio Version 2012
Project("{FAE04EC0-301F-11D3-BF4B-00C04F79EFBC}") = "RuntimeDestroyer", "e7c634b1-9547-4f8e-807b-c9faa359b669/RuntimeDestroyer.csproj", "{f9b31e8e-9036-44c6-b5dc-90eee4d2da14}"
EndProject
Project("{FAE04EC0-301F-11D3-BF4B-00C04F79EFBC}") = "RuntimeDestroyerLib", "70e88f84-20c0-496b-bde5-9831530a09d3/RuntimeDestroyerLib.csproj", "{cb080628-c34d-4524-9550-3bd5f127b3b2}"
EndProject
Project("{FAE04EC0-301F-11D3-BF4B-00C04F79EFBC}") = "System_", "478870b9-2d60-4f73-9eb3-7cd8b994a737/System_.csproj", "{82ed9fe2-89b9-404b-bfcd-0766734abf1c}"
EndProject
Project("{FAE04EC0-301F-11D3-BF4B-00C04F79EFBC}") = "RuntimeDestroyerRecords", "e7c634b1-9547-4f8e-807b-c9faa359b669/Records/RuntimeDestroyerRecords.csproj", "{287348d4-6132-4dbf-b4ea-01609be59dba}"
EndProject
Project("{FAE04EC0-301F-11D3-BF4B-00C04F79EFBC}") = "RuntimeDestroyerReferencesProxy", "e7c634b1-9547-4f8e-807b-c9faa359b669/referencesProxy/RuntimeDestroyerReferencesProxy.csproj", "{04f38a88-fc5e-42a2-909d-ad08484d8235}"
EndProject
Project("{FAE04EC0-301F-11D3-BF4B-00C04F79EFBC}") = "RuntimeDestroyerLibRecords", "70e88f84-20c0-496b-bde5-9831530a09d3/Records/RuntimeDestroyerLibRecords.csproj", "{eac88601-b10a-4002-9bcb-417c47389afa}"
EndProject
Project("{FAE04EC0-301F-11D3-BF4B-00C04F79EFBC}") = "System_Records", "478870b9-2d60-4f73-9eb3-7cd8b994a737/Records/System_Records.csproj", "{da0e3367-63a4-4438-a876-bb91a33b998e}"
EndProject
Project("{FAE04EC0-301F-11D3-BF4B-00C04F79EFBC}") = "RuntimeDestroyer.CsRESTExpose", "e7c634b1-9547-4f8e-807b-c9faa359b669/CustomServices/RESTExpose/RuntimeDestroyer.CsRESTExpose.csproj", "{211c07a2-9fea-4ba3-9490-ef736b28a5ae}"
EndProject
Global
	GlobalSection(SolutionConfigurationPlatforms) = preSolution
		Debug|Any CPU = Debug|Any CPU
		Release|Any CPU = Release|Any CPU
	EndGlobalSection
	GlobalSection(ProjectConfigurationPlatforms) = postSolution
		{f9b31e8e-9036-44c6-b5dc-90eee4d2da14}.Debug|Any CPU.ActiveCfg = Debug|Any CPU
		{f9b31e8e-9036-44c6-b5dc-90eee4d2da14}.Debug|Any CPU.Build.0 = Debug|Any CPU
		{f9b31e8e-9036-44c6-b5dc-90eee4d2da14}.Release|Any CPU.ActiveCfg = Release|Any CPU
		{f9b31e8e-9036-44c6-b5dc-90eee4d2da14}.Release|Any CPU.Build.0 = Release|Any CPU
		{cb080628-c34d-4524-9550-3bd5f127b3b2}.Debug|Any CPU.ActiveCfg = Debug|Any CPU
		{cb080628-c34d-4524-9550-3bd5f127b3b2}.Debug|Any CPU.Build.0 = Debug|Any CPU
		{cb080628-c34d-4524-9550-3bd5f127b3b2}.Release|Any CPU.ActiveCfg = Release|Any CPU
		{cb080628-c34d-4524-9550-3bd5f127b3b2}.Release|Any CPU.Build.0 = Release|Any CPU
		{82ed9fe2-89b9-404b-bfcd-0766734abf1c}.Debug|Any CPU.ActiveCfg = Debug|Any CPU
		{82ed9fe2-89b9-404b-bfcd-0766734abf1c}.Debug|Any CPU.Build.0 = Debug|Any CPU
		{82ed9fe2-89b9-404b-bfcd-0766734abf1c}.Release|Any CPU.ActiveCfg = Release|Any CPU
		{82ed9fe2-89b9-404b-bfcd-0766734abf1c}.Release|Any CPU.Build.0 = Release|Any CPU
		{287348d4-6132-4dbf-b4ea-01609be59dba}.Debug|Any CPU.ActiveCfg = Debug|Any CPU
		{287348d4-6132-4dbf-b4ea-01609be59dba}.Debug|Any CPU.Build.0 = Debug|Any CPU
		{287348d4-6132-4dbf-b4ea-01609be59dba}.Release|Any CPU.ActiveCfg = Release|Any CPU
		{287348d4-6132-4dbf-b4ea-01609be59dba}.Release|Any CPU.Build.0 = Release|Any CPU
		{04f38a88-fc5e-42a2-909d-ad08484d8235}.Debug|Any CPU.ActiveCfg = Debug|Any CPU
		{04f38a88-fc5e-42a2-909d-ad08484d8235}.Debug|Any CPU.Build.0 = Debug|Any CPU
		{04f38a88-fc5e-42a2-909d-ad08484d8235}.Release|Any CPU.ActiveCfg = Release|Any CPU
		{04f38a88-fc5e-42a2-909d-ad08484d8235}.Release|Any CPU.Build.0 = Release|Any CPU
		{eac88601-b10a-4002-9bcb-417c47389afa}.Debug|Any CPU.ActiveCfg = Debug|Any CPU
		{eac88601-b10a-4002-9bcb-417c47389afa}.Debug|Any CPU.Build.0 = Debug|Any CPU
		{eac88601-b10a-4002-9bcb-417c47389afa}.Release|Any CPU.ActiveCfg = Release|Any CPU
		{eac88601-b10a-4002-9bcb-417c47389afa}.Release|Any CPU.Build.0 = Release|Any CPU
		{da0e3367-63a4-4438-a876-bb91a33b998e}.Debug|Any CPU.ActiveCfg = Debug|Any CPU
		{da0e3367-63a4-4438-a876-bb91a33b998e}.Debug|Any CPU.Build.0 = Debug|Any CPU
		{da0e3367-63a4-4438-a876-bb91a33b998e}.Release|Any CPU.ActiveCfg = Release|Any CPU
		{da0e3367-63a4-4438-a876-bb91a33b998e}.Release|Any CPU.Build.0 = Release|Any CPU
		{211c07a2-9fea-4ba3-9490-ef736b28a5ae}.Debug|Any CPU.ActiveCfg = Debug|Any CPU
		{211c07a2-9fea-4ba3-9490-ef736b28a5ae}.Debug|Any CPU.Build.0 = Debug|Any CPU
		{211c07a2-9fea-4ba3-9490-ef736b28a5ae}.Release|Any CPU.ActiveCfg = Release|Any CPU
		{211c07a2-9fea-4ba3-9490-ef736b28a5ae}.Release|Any CPU.Build.0 = Release|Any CPU
	EndGlobalSection
	GlobalSection(SolutionProperties) = preSolution
		HideSolutionNode = FALSE
	EndGlobalSection
EndGlobal
