
Microsoft Visual Studio Solution File, Format Version 12.00
# Visual Studio Version 2012
Project("{FAE04EC0-301F-11D3-BF4B-00C04F79EFBC}") = "RuntimeDestroyer", "e7c634b1-9547-4f8e-807b-c9faa359b669/RuntimeDestroyer.csproj", "{171e4d46-9cb0-4571-bdf4-999a37cd2a9f}"
EndProject
Project("{FAE04EC0-301F-11D3-BF4B-00C04F79EFBC}") = "System_", "478870b9-2d60-4f73-9eb3-7cd8b994a737/System_.csproj", "{35cb1993-3f7b-4a2e-a92f-20a99f9bd919}"
EndProject
Project("{FAE04EC0-301F-11D3-BF4B-00C04F79EFBC}") = "RuntimeDestroyerLib", "70e88f84-20c0-496b-bde5-9831530a09d3/RuntimeDestroyerLib.csproj", "{183426ca-c15a-4457-b2b1-dcb3505b7dd4}"
EndProject
Project("{FAE04EC0-301F-11D3-BF4B-00C04F79EFBC}") = "RuntimeDestroyerRecords", "e7c634b1-9547-4f8e-807b-c9faa359b669/Records/RuntimeDestroyerRecords.csproj", "{5e14d39b-3068-42d3-999f-254c03b45490}"
EndProject
Project("{FAE04EC0-301F-11D3-BF4B-00C04F79EFBC}") = "RuntimeDestroyerReferencesProxy", "e7c634b1-9547-4f8e-807b-c9faa359b669/referencesProxy/RuntimeDestroyerReferencesProxy.csproj", "{059d8e4a-a574-4032-8750-1b38e7c85085}"
EndProject
Project("{FAE04EC0-301F-11D3-BF4B-00C04F79EFBC}") = "System_Records", "478870b9-2d60-4f73-9eb3-7cd8b994a737/Records/System_Records.csproj", "{fa9bfd60-4c1a-459a-8333-ffcfae14a1d4}"
EndProject
Project("{FAE04EC0-301F-11D3-BF4B-00C04F79EFBC}") = "RuntimeDestroyerLibRecords", "70e88f84-20c0-496b-bde5-9831530a09d3/Records/RuntimeDestroyerLibRecords.csproj", "{cf6defdb-2462-451c-b357-e3066dbbaf67}"
EndProject
Project("{FAE04EC0-301F-11D3-BF4B-00C04F79EFBC}") = "RuntimeDestroyer.CsRESTExpose", "e7c634b1-9547-4f8e-807b-c9faa359b669/CustomServices/RESTExpose/RuntimeDestroyer.CsRESTExpose.csproj", "{e7cd993d-238b-4f9c-8835-779b7a5da3d0}"
EndProject
Global
	GlobalSection(SolutionConfigurationPlatforms) = preSolution
		Debug|Any CPU = Debug|Any CPU
		Release|Any CPU = Release|Any CPU
	EndGlobalSection
	GlobalSection(ProjectConfigurationPlatforms) = postSolution
		{171e4d46-9cb0-4571-bdf4-999a37cd2a9f}.Debug|Any CPU.ActiveCfg = Debug|Any CPU
		{171e4d46-9cb0-4571-bdf4-999a37cd2a9f}.Debug|Any CPU.Build.0 = Debug|Any CPU
		{171e4d46-9cb0-4571-bdf4-999a37cd2a9f}.Release|Any CPU.ActiveCfg = Release|Any CPU
		{171e4d46-9cb0-4571-bdf4-999a37cd2a9f}.Release|Any CPU.Build.0 = Release|Any CPU
		{35cb1993-3f7b-4a2e-a92f-20a99f9bd919}.Debug|Any CPU.ActiveCfg = Debug|Any CPU
		{35cb1993-3f7b-4a2e-a92f-20a99f9bd919}.Debug|Any CPU.Build.0 = Debug|Any CPU
		{35cb1993-3f7b-4a2e-a92f-20a99f9bd919}.Release|Any CPU.ActiveCfg = Release|Any CPU
		{35cb1993-3f7b-4a2e-a92f-20a99f9bd919}.Release|Any CPU.Build.0 = Release|Any CPU
		{183426ca-c15a-4457-b2b1-dcb3505b7dd4}.Debug|Any CPU.ActiveCfg = Debug|Any CPU
		{183426ca-c15a-4457-b2b1-dcb3505b7dd4}.Debug|Any CPU.Build.0 = Debug|Any CPU
		{183426ca-c15a-4457-b2b1-dcb3505b7dd4}.Release|Any CPU.ActiveCfg = Release|Any CPU
		{183426ca-c15a-4457-b2b1-dcb3505b7dd4}.Release|Any CPU.Build.0 = Release|Any CPU
		{5e14d39b-3068-42d3-999f-254c03b45490}.Debug|Any CPU.ActiveCfg = Debug|Any CPU
		{5e14d39b-3068-42d3-999f-254c03b45490}.Debug|Any CPU.Build.0 = Debug|Any CPU
		{5e14d39b-3068-42d3-999f-254c03b45490}.Release|Any CPU.ActiveCfg = Release|Any CPU
		{5e14d39b-3068-42d3-999f-254c03b45490}.Release|Any CPU.Build.0 = Release|Any CPU
		{059d8e4a-a574-4032-8750-1b38e7c85085}.Debug|Any CPU.ActiveCfg = Debug|Any CPU
		{059d8e4a-a574-4032-8750-1b38e7c85085}.Debug|Any CPU.Build.0 = Debug|Any CPU
		{059d8e4a-a574-4032-8750-1b38e7c85085}.Release|Any CPU.ActiveCfg = Release|Any CPU
		{059d8e4a-a574-4032-8750-1b38e7c85085}.Release|Any CPU.Build.0 = Release|Any CPU
		{fa9bfd60-4c1a-459a-8333-ffcfae14a1d4}.Debug|Any CPU.ActiveCfg = Debug|Any CPU
		{fa9bfd60-4c1a-459a-8333-ffcfae14a1d4}.Debug|Any CPU.Build.0 = Debug|Any CPU
		{fa9bfd60-4c1a-459a-8333-ffcfae14a1d4}.Release|Any CPU.ActiveCfg = Release|Any CPU
		{fa9bfd60-4c1a-459a-8333-ffcfae14a1d4}.Release|Any CPU.Build.0 = Release|Any CPU
		{cf6defdb-2462-451c-b357-e3066dbbaf67}.Debug|Any CPU.ActiveCfg = Debug|Any CPU
		{cf6defdb-2462-451c-b357-e3066dbbaf67}.Debug|Any CPU.Build.0 = Debug|Any CPU
		{cf6defdb-2462-451c-b357-e3066dbbaf67}.Release|Any CPU.ActiveCfg = Release|Any CPU
		{cf6defdb-2462-451c-b357-e3066dbbaf67}.Release|Any CPU.Build.0 = Release|Any CPU
		{e7cd993d-238b-4f9c-8835-779b7a5da3d0}.Debug|Any CPU.ActiveCfg = Debug|Any CPU
		{e7cd993d-238b-4f9c-8835-779b7a5da3d0}.Debug|Any CPU.Build.0 = Debug|Any CPU
		{e7cd993d-238b-4f9c-8835-779b7a5da3d0}.Release|Any CPU.ActiveCfg = Release|Any CPU
		{e7cd993d-238b-4f9c-8835-779b7a5da3d0}.Release|Any CPU.Build.0 = Release|Any CPU
	EndGlobalSection
	GlobalSection(SolutionProperties) = preSolution
		HideSolutionNode = FALSE
	EndGlobalSection
EndGlobal
